
Microsoft Visual Studio Solution File, Format Version 12.00
# Visual Studio Version 17
VisualStudioVersion = 17.6.33829.357
MinimumVisualStudioVersion = 10.0.40219.1
Project("{FAE04EC0-301F-11D3-BF4B-00C04F79EFBC}") = "LinkPG", "LinkPG.csproj", "{DB65C538-6EDB-45AC-B077-A6937294FFFB}"
EndProject
Global
	GlobalSection(SolutionConfigurationPlatforms) = preSolution
		Debug|Any CPU = Debug|Any CPU
		Release|Any CPU = Release|Any CPU
	EndGlobalSection
	GlobalSection(ProjectConfigurationPlatforms) = postSolution
		{DB65C538-6EDB-45AC-B077-A6937294FFFB}.Debug|Any CPU.ActiveCfg = Debug|Any CPU
		{DB65C538-6EDB-45AC-B077-A6937294FFFB}.Debug|Any CPU.Build.0 = Debug|Any CPU
		{DB65C538-6EDB-45AC-B077-A6937294FFFB}.Release|Any CPU.ActiveCfg = Release|Any CPU
		{DB65C538-6EDB-45AC-B077-A6937294FFFB}.Release|Any CPU.Build.0 = Release|Any CPU
	EndGlobalSection
	GlobalSection(SolutionProperties) = preSolution
		HideSolutionNode = FALSE
	EndGlobalSection
	GlobalSection(ExtensibilityGlobals) = postSolution
		SolutionGuid = {F3E3A221-1EAE-4B91-86C3-0114116E60FB}
	EndGlobalSection
EndGlobal
